
Microsoft Visual Studio Solution File, Format Version 12.00
# Visual Studio Version 16
VisualStudioVersion = 16.0.28803.156
MinimumVisualStudioVersion = 10.0.40219.1
Project("{9A19103F-16F7-4668-BE54-9A1E7A4F7556}") = "JuniorGames", "JuniorGamesCore\JuniorGames.csproj", "{62953512-44AE-412A-9BE0-F2E21537F8EF}"
EndProject
Project("{FAE04EC0-301F-11D3-BF4B-00C04F79EFBC}") = "SimulatorBox", "SimulatorBox\SimulatorBox.csproj", "{DA137FAD-BBFC-45DA-8481-8F75D4BA9608}"
EndProject
Project("{9A19103F-16F7-4668-BE54-9A1E7A4F7556}") = "JuniorGames.Games", "JuniorGames.Core\JuniorGames.Games.csproj", "{6C954CE8-36FF-4BFC-899D-4CFFBB16F398}"
EndProject
Project("{9A19103F-16F7-4668-BE54-9A1E7A4F7556}") = "JukeBox", "JukeBox\JukeBox.csproj", "{3EA8CD82-3DFD-4CC4-965D-0D1D63BE9D1B}"
EndProject
Project("{9A19103F-16F7-4668-BE54-9A1E7A4F7556}") = "GameBox.Framework", "GameBox.Framework\GameBox.Framework.csproj", "{8E7201B8-B71A-4FB7-A67A-262A4D19CFBB}"
EndProject
Project("{FAE04EC0-301F-11D3-BF4B-00C04F79EFBC}") = "JuniorGames.GamesClean", "JuniorGames.GamesClean\JuniorGames.GamesClean.csproj", "{71A0FD87-6C72-4025-94D7-CD8C064B5D5B}"
EndProject
Global
	GlobalSection(SolutionConfigurationPlatforms) = preSolution
		Debug|Any CPU = Debug|Any CPU
		Release|Any CPU = Release|Any CPU
	EndGlobalSection
	GlobalSection(ProjectConfigurationPlatforms) = postSolution
		{62953512-44AE-412A-9BE0-F2E21537F8EF}.Debug|Any CPU.ActiveCfg = Debug|Any CPU
		{62953512-44AE-412A-9BE0-F2E21537F8EF}.Debug|Any CPU.Build.0 = Debug|Any CPU
		{62953512-44AE-412A-9BE0-F2E21537F8EF}.Release|Any CPU.ActiveCfg = Release|Any CPU
		{62953512-44AE-412A-9BE0-F2E21537F8EF}.Release|Any CPU.Build.0 = Release|Any CPU
		{DA137FAD-BBFC-45DA-8481-8F75D4BA9608}.Debug|Any CPU.ActiveCfg = Debug|Any CPU
		{DA137FAD-BBFC-45DA-8481-8F75D4BA9608}.Debug|Any CPU.Build.0 = Debug|Any CPU
		{DA137FAD-BBFC-45DA-8481-8F75D4BA9608}.Release|Any CPU.ActiveCfg = Release|Any CPU
		{DA137FAD-BBFC-45DA-8481-8F75D4BA9608}.Release|Any CPU.Build.0 = Release|Any CPU
		{6C954CE8-36FF-4BFC-899D-4CFFBB16F398}.Debug|Any CPU.ActiveCfg = Debug|Any CPU
		{6C954CE8-36FF-4BFC-899D-4CFFBB16F398}.Debug|Any CPU.Build.0 = Debug|Any CPU
		{6C954CE8-36FF-4BFC-899D-4CFFBB16F398}.Release|Any CPU.ActiveCfg = Release|Any CPU
		{6C954CE8-36FF-4BFC-899D-4CFFBB16F398}.Release|Any CPU.Build.0 = Release|Any CPU
		{3EA8CD82-3DFD-4CC4-965D-0D1D63BE9D1B}.Debug|Any CPU.ActiveCfg = Debug|Any CPU
		{3EA8CD82-3DFD-4CC4-965D-0D1D63BE9D1B}.Debug|Any CPU.Build.0 = Debug|Any CPU
		{3EA8CD82-3DFD-4CC4-965D-0D1D63BE9D1B}.Release|Any CPU.ActiveCfg = Release|Any CPU
		{3EA8CD82-3DFD-4CC4-965D-0D1D63BE9D1B}.Release|Any CPU.Build.0 = Release|Any CPU
		{8E7201B8-B71A-4FB7-A67A-262A4D19CFBB}.Debug|Any CPU.ActiveCfg = Debug|Any CPU
		{8E7201B8-B71A-4FB7-A67A-262A4D19CFBB}.Debug|Any CPU.Build.0 = Debug|Any CPU
		{8E7201B8-B71A-4FB7-A67A-262A4D19CFBB}.Release|Any CPU.ActiveCfg = Release|Any CPU
		{8E7201B8-B71A-4FB7-A67A-262A4D19CFBB}.Release|Any CPU.Build.0 = Release|Any CPU
		{71A0FD87-6C72-4025-94D7-CD8C064B5D5B}.Debug|Any CPU.ActiveCfg = Debug|Any CPU
		{71A0FD87-6C72-4025-94D7-CD8C064B5D5B}.Debug|Any CPU.Build.0 = Debug|Any CPU
		{71A0FD87-6C72-4025-94D7-CD8C064B5D5B}.Release|Any CPU.ActiveCfg = Release|Any CPU
		{71A0FD87-6C72-4025-94D7-CD8C064B5D5B}.Release|Any CPU.Build.0 = Release|Any CPU
	EndGlobalSection
	GlobalSection(SolutionProperties) = preSolution
		HideSolutionNode = FALSE
	EndGlobalSection
	GlobalSection(ExtensibilityGlobals) = postSolution
		SolutionGuid = {6061917D-1685-489D-ADAA-861F5D2F4A25}
	EndGlobalSection
EndGlobal
